
Microsoft Visual Studio Solution File, Format Version 12.00
# Visual Studio Version 17
VisualStudioVersion = 17.4.33213.308
MinimumVisualStudioVersion = 10.0.40219.1
Project("{FAE04EC0-301F-11D3-BF4B-00C04F79EFBC}") = "WebApplication1", "WebApplication1.csproj", "{F372CF44-BAFF-437B-AF6D-A7973495AAA8}"
EndProject
Global
	GlobalSection(SolutionConfigurationPlatforms) = preSolution
		Debug|Any CPU = Debug|Any CPU
		Release|Any CPU = Release|Any CPU
	EndGlobalSection
	GlobalSection(ProjectConfigurationPlatforms) = postSolution
		{F372CF44-BAFF-437B-AF6D-A7973495AAA8}.Debug|Any CPU.ActiveCfg = Debug|Any CPU
		{F372CF44-BAFF-437B-AF6D-A7973495AAA8}.Debug|Any CPU.Build.0 = Debug|Any CPU
		{F372CF44-BAFF-437B-AF6D-A7973495AAA8}.Release|Any CPU.ActiveCfg = Release|Any CPU
		{F372CF44-BAFF-437B-AF6D-A7973495AAA8}.Release|Any CPU.Build.0 = Release|Any CPU
	EndGlobalSection
	GlobalSection(SolutionProperties) = preSolution
		HideSolutionNode = FALSE
	EndGlobalSection
	GlobalSection(ExtensibilityGlobals) = postSolution
		SolutionGuid = {19B8429F-F4A0-4DCB-9DA3-ED2C6BF6A25F}
	EndGlobalSection
EndGlobal
